
Microsoft Visual Studio Solution File, Format Version 12.00
# Visual Studio Version 17
VisualStudioVersion = 17.7.34024.191
MinimumVisualStudioVersion = 10.0.40219.1
Project("{FAE04EC0-301F-11D3-BF4B-00C04F79EFBC}") = "WCFService1", "WCFService1\WCFService1.csproj", "{54B7A677-2F69-42C9-A1E7-2054FBD433D8}"
EndProject
Project("{FAE04EC0-301F-11D3-BF4B-00C04F79EFBC}") = "Form2", "Form2\Form2.csproj", "{ED111D09-2416-4C72-920F-0CC59DFF6021}"
	ProjectSection(ProjectDependencies) = postProject
		{54B7A677-2F69-42C9-A1E7-2054FBD433D8} = {54B7A677-2F69-42C9-A1E7-2054FBD433D8}
	EndProjectSection
EndProject
Global
	GlobalSection(SolutionConfigurationPlatforms) = preSolution
		Debug|Any CPU = Debug|Any CPU
		Release|Any CPU = Release|Any CPU
	EndGlobalSection
	GlobalSection(ProjectConfigurationPlatforms) = postSolution
		{54B7A677-2F69-42C9-A1E7-2054FBD433D8}.Debug|Any CPU.ActiveCfg = Debug|Any CPU
		{54B7A677-2F69-42C9-A1E7-2054FBD433D8}.Debug|Any CPU.Build.0 = Debug|Any CPU
		{54B7A677-2F69-42C9-A1E7-2054FBD433D8}.Release|Any CPU.ActiveCfg = Release|Any CPU
		{54B7A677-2F69-42C9-A1E7-2054FBD433D8}.Release|Any CPU.Build.0 = Release|Any CPU
		{ED111D09-2416-4C72-920F-0CC59DFF6021}.Debug|Any CPU.ActiveCfg = Debug|Any CPU
		{ED111D09-2416-4C72-920F-0CC59DFF6021}.Debug|Any CPU.Build.0 = Debug|Any CPU
		{ED111D09-2416-4C72-920F-0CC59DFF6021}.Release|Any CPU.ActiveCfg = Release|Any CPU
		{ED111D09-2416-4C72-920F-0CC59DFF6021}.Release|Any CPU.Build.0 = Release|Any CPU
	EndGlobalSection
	GlobalSection(SolutionProperties) = preSolution
		HideSolutionNode = FALSE
	EndGlobalSection
	GlobalSection(ExtensibilityGlobals) = postSolution
		SolutionGuid = {FEC87CE0-E35E-41FF-A45F-14E2440D6033}
	EndGlobalSection
EndGlobal
